// !$*UTF8*$!
{
	archiveVersion = 1;
	classes = {
	};
	objectVersion = 56;
	objects = {

/* Begin PBXBuildFile section */
		3708B45429BDC8950064AD2E /* ContentView.swift in Sources */ = {isa = PBXBuildFile; fileRef = 3708B45329BDC8950064AD2E /* ContentView.swift */; };
		3708B45529BDCA140064AD2E /* SceneRecordAppApp.swift in Sources */ = {isa = PBXBuildFile; fileRef = 3708B45129BDC8620064AD2E /* SceneRecordAppApp.swift */; };
		3747042129C168DE00AE788B /* Alamofire in Frameworks */ = {isa = PBXBuildFile; productRef = 3747042029C168DE00AE788B /* Alamofire */; };
		374FBCBC29ADD66F009AA380 /* Home.swift in Sources */ = {isa = PBXBuildFile; fileRef = 374FBCBB29ADD66F009AA380 /* Home.swift */; };
		374FBCBE29ADDA06009AA380 /* CameraView.swift in Sources */ = {isa = PBXBuildFile; fileRef = 374FBCBD29ADDA06009AA380 /* CameraView.swift */; };
		374FBCC129ADEC4E009AA380 /* CameraViewModel.swift in Sources */ = {isa = PBXBuildFile; fileRef = 374FBCC029ADEC4E009AA380 /* CameraViewModel.swift */; };
		375C83CF29ACA20000BB1794 /* Assets.xcassets in Resources */ = {isa = PBXBuildFile; fileRef = 375C83CE29ACA20000BB1794 /* Assets.xcassets */; };
		375C83D229ACA20000BB1794 /* Preview Assets.xcassets in Resources */ = {isa = PBXBuildFile; fileRef = 375C83D129ACA20000BB1794 /* Preview Assets.xcassets */; };
		37B3252129BF2F1E001C04B6 /* ResultScene.swift in Sources */ = {isa = PBXBuildFile; fileRef = 37B3252029BF2F1E001C04B6 /* ResultScene.swift */; };
/* End PBXBuildFile section */

/* Begin PBXFileReference section */
		3708B45129BDC8620064AD2E /* SceneRecordAppApp.swift */ = {isa = PBXFileReference; lastKnownFileType = sourcecode.swift; path = SceneRecordAppApp.swift; sourceTree = "<group>"; };
		3708B45329BDC8950064AD2E /* ContentView.swift */ = {isa = PBXFileReference; lastKnownFileType = sourcecode.swift; path = ContentView.swift; sourceTree = "<group>"; };
		374FBCBB29ADD66F009AA380 /* Home.swift */ = {isa = PBXFileReference; lastKnownFileType = sourcecode.swift; path = Home.swift; sourceTree = "<group>"; };
		374FBCBD29ADDA06009AA380 /* CameraView.swift */ = {isa = PBXFileReference; lastKnownFileType = sourcecode.swift; path = CameraView.swift; sourceTree = "<group>"; };
		374FBCC029ADEC4E009AA380 /* CameraViewModel.swift */ = {isa = PBXFileReference; lastKnownFileType = sourcecode.swift; path = CameraViewModel.swift; sourceTree = "<group>"; };
		375C83C729ACA1FE00BB1794 /* SceneRecordApp.app */ = {isa = PBXFileReference; explicitFileType = wrapper.application; includeInIndex = 0; path = SceneRecordApp.app; sourceTree = BUILT_PRODUCTS_DIR; };
		375C83CE29ACA20000BB1794 /* Assets.xcassets */ = {isa = PBXFileReference; lastKnownFileType = folder.assetcatalog; path = Assets.xcassets; sourceTree = "<group>"; };
		375C83D129ACA20000BB1794 /* Preview Assets.xcassets */ = {isa = PBXFileReference; lastKnownFileType = folder.assetcatalog; path = "Preview Assets.xcassets"; sourceTree = "<group>"; };
		37B3252029BF2F1E001C04B6 /* ResultScene.swift */ = {isa = PBXFileReference; lastKnownFileType = sourcecode.swift; path = ResultScene.swift; sourceTree = "<group>"; };
		37C6C8AA29AEFEF5007990C6 /* Info.plist */ = {isa = PBXFileReference; lastKnownFileType = text.plist; path = Info.plist; sourceTree = "<group>"; };
/* End PBXFileReference section */

/* Begin PBXFrameworksBuildPhase section */
		375C83C429ACA1FE00BB1794 /* Frameworks */ = {
			isa = PBXFrameworksBuildPhase;
			buildActionMask = 2147483647;
			files = (
				3747042129C168DE00AE788B /* Alamofire in Frameworks */,
			);
			runOnlyForDeploymentPostprocessing = 0;
		};
/* End PBXFrameworksBuildPhase section */

/* Begin PBXGroup section */
		374FBCBF29ADEBDF009AA380 /* ViewModel */ = {
			isa = PBXGroup;
			children = (
				374FBCC029ADEC4E009AA380 /* CameraViewModel.swift */,
			);
			path = ViewModel;
			sourceTree = "<group>";
		};
		375C83BE29ACA1FE00BB1794 = {
			isa = PBXGroup;
			children = (
				375C83C929ACA1FE00BB1794 /* SceneRecordApp */,
				375C83C829ACA1FE00BB1794 /* Products */,
			);
			sourceTree = "<group>";
			usesTabs = 0;
		};
		375C83C829ACA1FE00BB1794 /* Products */ = {
			isa = PBXGroup;
			children = (
				375C83C729ACA1FE00BB1794 /* SceneRecordApp.app */,
			);
			name = Products;
			sourceTree = "<group>";
		};
		375C83C929ACA1FE00BB1794 /* SceneRecordApp */ = {
			isa = PBXGroup;
			children = (
				37C6C8AA29AEFEF5007990C6 /* Info.plist */,
				374FBCBF29ADEBDF009AA380 /* ViewModel */,
				375C83D829ACAE6600BB1794 /* View */,
				375C83CE29ACA20000BB1794 /* Assets.xcassets */,
				375C83D029ACA20000BB1794 /* Preview Content */,
				3708B45129BDC8620064AD2E /* SceneRecordAppApp.swift */,
				3708B45329BDC8950064AD2E /* ContentView.swift */,
			);
			path = SceneRecordApp;
			sourceTree = "<group>";
		};
		375C83D029ACA20000BB1794 /* Preview Content */ = {
			isa = PBXGroup;
			children = (
				375C83D129ACA20000BB1794 /* Preview Assets.xcassets */,
			);
			path = "Preview Content";
			sourceTree = "<group>";
		};
		375C83D829ACAE6600BB1794 /* View */ = {
			isa = PBXGroup;
			children = (
				374FBCBB29ADD66F009AA380 /* Home.swift */,
				374FBCBD29ADDA06009AA380 /* CameraView.swift */,
				37B3252029BF2F1E001C04B6 /* ResultScene.swift */,
			);
			path = View;
			sourceTree = "<group>";
		};
/* End PBXGroup section */

/* Begin PBXNativeTarget section */
		375C83C629ACA1FE00BB1794 /* SceneRecordApp */ = {
			isa = PBXNativeTarget;
			buildConfigurationList = 375C83D529ACA20000BB1794 /* Build configuration list for PBXNativeTarget "SceneRecordApp" */;
			buildPhases = (
				375C83C329ACA1FE00BB1794 /* Sources */,
				375C83C429ACA1FE00BB1794 /* Frameworks */,
				375C83C529ACA1FE00BB1794 /* Resources */,
			);
			buildRules = (
			);
			dependencies = (
			);
			name = SceneRecordApp;
			packageProductDependencies = (
				3747042029C168DE00AE788B /* Alamofire */,
			);
			productName = SceneRecordApp;
			productReference = 375C83C729ACA1FE00BB1794 /* SceneRecordApp.app */;
			productType = "com.apple.product-type.application";
		};
/* End PBXNativeTarget section */

/* Begin PBXProject section */
		375C83BF29ACA1FE00BB1794 /* Project object */ = {
			isa = PBXProject;
			attributes = {
				BuildIndependentTargetsInParallel = 1;
				LastSwiftUpdateCheck = 1420;
				LastUpgradeCheck = 1420;
				TargetAttributes = {
					375C83C629ACA1FE00BB1794 = {
						CreatedOnToolsVersion = 14.2;
					};
				};
			};
			buildConfigurationList = 375C83C229ACA1FE00BB1794 /* Build configuration list for PBXProject "SceneRecordApp" */;
			compatibilityVersion = "Xcode 14.0";
			developmentRegion = en;
			hasScannedForEncodings = 0;
			knownRegions = (
				en,
				Base,
			);
			mainGroup = 375C83BE29ACA1FE00BB1794;
			packageReferences = (
				3747041F29C168DE00AE788B /* XCRemoteSwiftPackageReference "Alamofire" */,
			);
			productRefGroup = 375C83C829ACA1FE00BB1794 /* Products */;
			projectDirPath = "";
			projectRoot = "";
			targets = (
				375C83C629ACA1FE00BB1794 /* SceneRecordApp */,
			);
		};
/* End PBXProject section */

/* Begin PBXResourcesBuildPhase section */
		375C83C529ACA1FE00BB1794 /* Resources */ = {
			isa = PBXResourcesBuildPhase;
			buildActionMask = 2147483647;
			files = (
				375C83D229ACA20000BB1794 /* Preview Assets.xcassets in Resources */,
				375C83CF29ACA20000BB1794 /* Assets.xcassets in Resources */,
			);
			runOnlyForDeploymentPostprocessing = 0;
		};
/* End PBXResourcesBuildPhase section */

/* Begin PBXSourcesBuildPhase section */
		375C83C329ACA1FE00BB1794 /* Sources */ = {
			isa = PBXSourcesBuildPhase;
			buildActionMask = 2147483647;
			files = (
				374FBCBC29ADD66F009AA380 /* Home.swift in Sources */,
				37B3252129BF2F1E001C04B6 /* ResultScene.swift in Sources */,
				3708B45529BDCA140064AD2E /* SceneRecordAppApp.swift in Sources */,
				374FBCC129ADEC4E009AA380 /* CameraViewModel.swift in Sources */,
				374FBCBE29ADDA06009AA380 /* CameraView.swift in Sources */,
				3708B45429BDC8950064AD2E /* ContentView.swift in Sources */,
			);
			runOnlyForDeploymentPostprocessing = 0;
		};
/* End PBXSourcesBuildPhase section */

/* Begin XCBuildConfiguration section */
		375C83D329ACA20000BB1794 /* Debug */ = {
			isa = XCBuildConfiguration;
			buildSettings = {
				ALWAYS_SEARCH_USER_PATHS = NO;
				CLANG_ANALYZER_NONNULL = YES;
				CLANG_ANALYZER_NUMBER_OBJECT_CONVERSION = YES_AGGRESSIVE;
				CLANG_CXX_LANGUAGE_STANDARD = "gnu++20";
				CLANG_ENABLE_MODULES = YES;
				CLANG_ENABLE_OBJC_ARC = YES;
				CLANG_ENABLE_OBJC_WEAK = YES;
				CLANG_WARN_BLOCK_CAPTURE_AUTORELEASING = YES;
				CLANG_WARN_BOOL_CONVERSION = YES;
				CLANG_WARN_COMMA = YES;
				CLANG_WARN_CONSTANT_CONVERSION = YES;
				CLANG_WARN_DEPRECATED_OBJC_IMPLEMENTATIONS = YES;
				CLANG_WARN_DIRECT_OBJC_ISA_USAGE = YES_ERROR;
				CLANG_WARN_DOCUMENTATION_COMMENTS = YES;
				CLANG_WARN_EMPTY_BODY = YES;
				CLANG_WARN_ENUM_CONVERSION = YES;
				CLANG_WARN_INFINITE_RECURSION = YES;
				CLANG_WARN_INT_CONVERSION = YES;
				CLANG_WARN_NON_LITERAL_NULL_CONVERSION = YES;
				CLANG_WARN_OBJC_IMPLICIT_RETAIN_SELF = YES;
				CLANG_WARN_OBJC_LITERAL_CONVERSION = YES;
				CLANG_WARN_OBJC_ROOT_CLASS = YES_ERROR;
				CLANG_WARN_QUOTED_INCLUDE_IN_FRAMEWORK_HEADER = YES;
				CLANG_WARN_RANGE_LOOP_ANALYSIS = YES;
				CLANG_WARN_STRICT_PROTOTYPES = YES;
				CLANG_WARN_SUSPICIOUS_MOVE = YES;
				CLANG_WARN_UNGUARDED_AVAILABILITY = YES_AGGRESSIVE;
				CLANG_WARN_UNREACHABLE_CODE = YES;
				CLANG_WARN__DUPLICATE_METHOD_MATCH = YES;
				COPY_PHASE_STRIP = NO;
				DEBUG_INFORMATION_FORMAT = dwarf;
				ENABLE_STRICT_OBJC_MSGSEND = YES;
				ENABLE_TESTABILITY = YES;
				GCC_C_LANGUAGE_STANDARD = gnu11;
				GCC_DYNAMIC_NO_PIC = NO;
				GCC_NO_COMMON_BLOCKS = YES;
				GCC_OPTIMIZATION_LEVEL = 0;
				GCC_PREPROCESSOR_DEFINITIONS = (
					"DEBUG=1",
					"$(inherited)",
				);
				GCC_WARN_64_TO_32_BIT_CONVERSION = YES;
				GCC_WARN_ABOUT_RETURN_TYPE = YES_ERROR;
				GCC_WARN_UNDECLARED_SELECTOR = YES;
				GCC_WARN_UNINITIALIZED_AUTOS = YES_AGGRESSIVE;
				GCC_WARN_UNUSED_FUNCTION = YES;
				GCC_WARN_UNUSED_VARIABLE = YES;
				IPHONEOS_DEPLOYMENT_TARGET = 16.0;
				MTL_ENABLE_DEBUG_INFO = INCLUDE_SOURCE;
				MTL_FAST_MATH = YES;
				ONLY_ACTIVE_ARCH = YES;
				SDKROOT = iphoneos;
				SWIFT_ACTIVE_COMPILATION_CONDITIONS = DEBUG;
				SWIFT_OPTIMIZATION_LEVEL = "-Onone";
			};
			name = Debug;
		};
		375C83D429ACA20000BB1794 /* Release */ = {
			isa = XCBuildConfiguration;
			buildSettings = {
				ALWAYS_SEARCH_USER_PATHS = NO;
				CLANG_ANALYZER_NONNULL = YES;
				CLANG_ANALYZER_NUMBER_OBJECT_CONVERSION = YES_AGGRESSIVE;
				CLANG_CXX_LANGUAGE_STANDARD = "gnu++20";
				CLANG_ENABLE_MODULES = YES;
				CLANG_ENABLE_OBJC_ARC = YES;
				CLANG_ENABLE_OBJC_WEAK = YES;
				CLANG_WARN_BLOCK_CAPTURE_AUTORELEASING = YES;
				CLANG_WARN_BOOL_CONVERSION = YES;
				CLANG_WARN_COMMA = YES;
				CLANG_WARN_CONSTANT_CONVERSION = YES;
				CLANG_WARN_DEPRECATED_OBJC_IMPLEMENTATIONS = YES;
				CLANG_WARN_DIRECT_OBJC_ISA_USAGE = YES_ERROR;
				CLANG_WARN_DOCUMENTATION_COMMENTS = YES;
				CLANG_WARN_EMPTY_BODY = YES;
				CLANG_WARN_ENUM_CONVERSION = YES;
				CLANG_WARN_INFINITE_RECURSION = YES;
				CLANG_WARN_INT_CONVERSION = YES;
				CLANG_WARN_NON_LITERAL_NULL_CONVERSION = YES;
				CLANG_WARN_OBJC_IMPLICIT_RETAIN_SELF = YES;
				CLANG_WARN_OBJC_LITERAL_CONVERSION = YES;
				CLANG_WARN_OBJC_ROOT_CLASS = YES_ERROR;
				CLANG_WARN_QUOTED_INCLUDE_IN_FRAMEWORK_HEADER = YES;
				CLANG_WARN_RANGE_LOOP_ANALYSIS = YES;
				CLANG_WARN_STRICT_PROTOTYPES = YES;
				CLANG_WARN_SUSPICIOUS_MOVE = YES;
				CLANG_WARN_UNGUARDED_AVAILABILITY = YES_AGGRESSIVE;
				CLANG_WARN_UNREACHABLE_CODE = YES;
				CLANG_WARN__DUPLICATE_METHOD_MATCH = YES;
				COPY_PHASE_STRIP = NO;
				DEBUG_INFORMATION_FORMAT = "dwarf-with-dsym";
				ENABLE_NS_ASSERTIONS = NO;
				ENABLE_STRICT_OBJC_MSGSEND = YES;
				GCC_C_LANGUAGE_STANDARD = gnu11;
				GCC_NO_COMMON_BLOCKS = YES;
				GCC_WARN_64_TO_32_BIT_CONVERSION = YES;
				GCC_WARN_ABOUT_RETURN_TYPE = YES_ERROR;
				GCC_WARN_UNDECLARED_SELECTOR = YES;
				GCC_WARN_UNINITIALIZED_AUTOS = YES_AGGRESSIVE;
				GCC_WARN_UNUSED_FUNCTION = YES;
				GCC_WARN_UNUSED_VARIABLE = YES;
				IPHONEOS_DEPLOYMENT_TARGET = 16.0;
				MTL_ENABLE_DEBUG_INFO = NO;
				MTL_FAST_MATH = YES;
				SDKROOT = iphoneos;
				SWIFT_COMPILATION_MODE = wholemodule;
				SWIFT_OPTIMIZATION_LEVEL = "-O";
				VALIDATE_PRODUCT = YES;
			};
			name = Release;
		};
		375C83D629ACA20000BB1794 /* Debug */ = {
			isa = XCBuildConfiguration;
			buildSettings = {
				ASSETCATALOG_COMPILER_APPICON_NAME = AppIcon;
				ASSETCATALOG_COMPILER_GLOBAL_ACCENT_COLOR_NAME = AccentColor;
				CODE_SIGN_STYLE = Automatic;
				CURRENT_PROJECT_VERSION = 1;
				DEVELOPMENT_ASSET_PATHS = "\"SceneRecordApp/Preview Content\"";
				DEVELOPMENT_TEAM = KQK52S9XYQ;
				ENABLE_PREVIEWS = YES;
				GENERATE_INFOPLIST_FILE = YES;
				INFOPLIST_FILE = SceneRecordApp/Info.plist;
				INFOPLIST_KEY_LSSupportsOpeningDocumentsInPlace = YES;
				INFOPLIST_KEY_NSCameraUsageDescription = "Access camera";
				INFOPLIST_KEY_NSMicrophoneUsageDescription = "Microphone access";
				INFOPLIST_KEY_NSPhotoLibraryUsageDescription = "Access photo album";
				INFOPLIST_KEY_UIApplicationSceneManifest_Generation = YES;
				INFOPLIST_KEY_UIApplicationSupportsIndirectInputEvents = YES;
				INFOPLIST_KEY_UILaunchScreen_Generation = YES;
				INFOPLIST_KEY_UISupportedInterfaceOrientations_iPad = "UIInterfaceOrientationPortrait UIInterfaceOrientationPortraitUpsideDown UIInterfaceOrientationLandscapeLeft UIInterfaceOrientationLandscapeRight";
				INFOPLIST_KEY_UISupportedInterfaceOrientations_iPhone = "UIInterfaceOrientationPortrait UIInterfaceOrientationLandscapeLeft UIInterfaceOrientationLandscapeRight";
				IPHONEOS_DEPLOYMENT_TARGET = 16.0;
				LD_RUNPATH_SEARCH_PATHS = (
					"$(inherited)",
					"@executable_path/Frameworks",
				);
				MARKETING_VERSION = 1.0;
				PRODUCT_BUNDLE_IDENTIFIER = vmo8;
				PRODUCT_NAME = "$(TARGET_NAME)";
				SWIFT_EMIT_LOC_STRINGS = YES;
				SWIFT_VERSION = 5.0;
				TARGETED_DEVICE_FAMILY = "1,2";
			};
			name = Debug;
		};
		375C83D729ACA20000BB1794 /* Release */ = {
			isa = XCBuildConfiguration;
			buildSettings = {
				ASSETCATALOG_COMPILER_APPICON_NAME = AppIcon;
				ASSETCATALOG_COMPILER_GLOBAL_ACCENT_COLOR_NAME = AccentColor;
				CODE_SIGN_STYLE = Automatic;
				CURRENT_PROJECT_VERSION = 1;
				DEVELOPMENT_ASSET_PATHS = "\"SceneRecordApp/Preview Content\"";
				DEVELOPMENT_TEAM = KQK52S9XYQ;
				ENABLE_PREVIEWS = YES;
				GENERATE_INFOPLIST_FILE = YES;
				INFOPLIST_FILE = SceneRecordApp/Info.plist;
				INFOPLIST_KEY_LSSupportsOpeningDocumentsInPlace = YES;
				INFOPLIST_KEY_NSCameraUsageDescription = "Access camera";
				INFOPLIST_KEY_NSMicrophoneUsageDescription = "Microphone access";
				INFOPLIST_KEY_NSPhotoLibraryUsageDescription = "Access photo album";
				INFOPLIST_KEY_UIApplicationSceneManifest_Generation = YES;
				INFOPLIST_KEY_UIApplicationSupportsIndirectInputEvents = YES;
				INFOPLIST_KEY_UILaunchScreen_Generation = YES;
				INFOPLIST_KEY_UISupportedInterfaceOrientations_iPad = "UIInterfaceOrientationPortrait UIInterfaceOrientationPortraitUpsideDown UIInterfaceOrientationLandscapeLeft UIInterfaceOrientationLandscapeRight";
				INFOPLIST_KEY_UISupportedInterfaceOrientations_iPhone = "UIInterfaceOrientationPortrait UIInterfaceOrientationLandscapeLeft UIInterfaceOrientationLandscapeRight";
				IPHONEOS_DEPLOYMENT_TARGET = 16.0;
				LD_RUNPATH_SEARCH_PATHS = (
					"$(inherited)",
					"@executable_path/Frameworks",
				);
				MARKETING_VERSION = 1.0;
				PRODUCT_BUNDLE_IDENTIFIER = vmo8;
				PRODUCT_NAME = "$(TARGET_NAME)";
				SWIFT_EMIT_LOC_STRINGS = YES;
				SWIFT_VERSION = 5.0;
				TARGETED_DEVICE_FAMILY = "1,2";
			};
			name = Release;
		};
/* End XCBuildConfiguration section */

/* Begin XCConfigurationList section */
		375C83C229ACA1FE00BB1794 /* Build configuration list for PBXProject "SceneRecordApp" */ = {
			isa = XCConfigurationList;
			buildConfigurations = (
				375C83D329ACA20000BB1794 /* Debug */,
				375C83D429ACA20000BB1794 /* Release */,
			);
			defaultConfigurationIsVisible = 0;
			defaultConfigurationName = Release;
		};
		375C83D529ACA20000BB1794 /* Build configuration list for PBXNativeTarget "SceneRecordApp" */ = {
			isa = XCConfigurationList;
			buildConfigurations = (
				375C83D629ACA20000BB1794 /* Debug */,
				375C83D729ACA20000BB1794 /* Release */,
			);
			defaultConfigurationIsVisible = 0;
			defaultConfigurationName = Release;
		};
/* End XCConfigurationList section */

/* Begin XCRemoteSwiftPackageReference section */
		3747041F29C168DE00AE788B /* XCRemoteSwiftPackageReference "Alamofire" */ = {
			isa = XCRemoteSwiftPackageReference;
			repositoryURL = "https://github.com/Alamofire/Alamofire.git";
			requirement = {
				branch = master;
				kind = branch;
			};
		};
/* End XCRemoteSwiftPackageReference section */

/* Begin XCSwiftPackageProductDependency section */
		3747042029C168DE00AE788B /* Alamofire */ = {
			isa = XCSwiftPackageProductDependency;
			package = 3747041F29C168DE00AE788B /* XCRemoteSwiftPackageReference "Alamofire" */;
			productName = Alamofire;
		};
/* End XCSwiftPackageProductDependency section */
	};
	rootObject = 375C83BF29ACA1FE00BB1794 /* Project object */;
}
